
Microsoft Visual Studio Solution File, Format Version 12.00
# Visual Studio 2013
VisualStudioVersion = 12.0.21005.1
MinimumVisualStudioVersion = 10.0.40219.1
Project("{FAE04EC0-301F-11D3-BF4B-00C04F79EFBC}") = "ECC", "ECC\ECC.csproj", "{6F3BDD9A-9BF2-4ED1-8133-D3E71F753934}"
EndProject
Project("{FAE04EC0-301F-11D3-BF4B-00C04F79EFBC}") = "ECC.Core", "ECC.Core\ECC.Core.csproj", "{207C517A-7720-4D94-9148-4C63CA87C82B}"
EndProject
Project("{FAE04EC0-301F-11D3-BF4B-00C04F79EFBC}") = "ECC.Infrastructure", "ECC.Infrastructure\ECC.Infrastructure.csproj", "{E423671C-ECDF-46D8-8752-A2B43C1341F8}"
EndProject
Project("{FAE04EC0-301F-11D3-BF4B-00C04F79EFBC}") = "ECC.Core.Test", "ECC.Core.Test\ECC.Core.Test.csproj", "{5BE687DB-7BDA-40B2-B6F6-B69FE67C8A4B}"
	ProjectSection(ProjectDependencies) = postProject
		{E423671C-ECDF-46D8-8752-A2B43C1341F8} = {E423671C-ECDF-46D8-8752-A2B43C1341F8}
		{207C517A-7720-4D94-9148-4C63CA87C82B} = {207C517A-7720-4D94-9148-4C63CA87C82B}
		{6F3BDD9A-9BF2-4ED1-8133-D3E71F753934} = {6F3BDD9A-9BF2-4ED1-8133-D3E71F753934}
	EndProjectSection
EndProject
Global
	GlobalSection(SolutionConfigurationPlatforms) = preSolution
		Debug|Any CPU = Debug|Any CPU
		Release|Any CPU = Release|Any CPU
	EndGlobalSection
	GlobalSection(ProjectConfigurationPlatforms) = postSolution
		{6F3BDD9A-9BF2-4ED1-8133-D3E71F753934}.Debug|Any CPU.ActiveCfg = Debug|Any CPU
		{6F3BDD9A-9BF2-4ED1-8133-D3E71F753934}.Debug|Any CPU.Build.0 = Debug|Any CPU
		{6F3BDD9A-9BF2-4ED1-8133-D3E71F753934}.Release|Any CPU.ActiveCfg = Release|Any CPU
		{6F3BDD9A-9BF2-4ED1-8133-D3E71F753934}.Release|Any CPU.Build.0 = Release|Any CPU
		{207C517A-7720-4D94-9148-4C63CA87C82B}.Debug|Any CPU.ActiveCfg = Debug|Any CPU
		{207C517A-7720-4D94-9148-4C63CA87C82B}.Debug|Any CPU.Build.0 = Debug|Any CPU
		{207C517A-7720-4D94-9148-4C63CA87C82B}.Release|Any CPU.ActiveCfg = Release|Any CPU
		{207C517A-7720-4D94-9148-4C63CA87C82B}.Release|Any CPU.Build.0 = Release|Any CPU
		{E423671C-ECDF-46D8-8752-A2B43C1341F8}.Debug|Any CPU.ActiveCfg = Debug|Any CPU
		{E423671C-ECDF-46D8-8752-A2B43C1341F8}.Debug|Any CPU.Build.0 = Debug|Any CPU
		{E423671C-ECDF-46D8-8752-A2B43C1341F8}.Release|Any CPU.ActiveCfg = Release|Any CPU
		{E423671C-ECDF-46D8-8752-A2B43C1341F8}.Release|Any CPU.Build.0 = Release|Any CPU
		{5BE687DB-7BDA-40B2-B6F6-B69FE67C8A4B}.Debug|Any CPU.ActiveCfg = Debug|Any CPU
		{5BE687DB-7BDA-40B2-B6F6-B69FE67C8A4B}.Debug|Any CPU.Build.0 = Debug|Any CPU
		{5BE687DB-7BDA-40B2-B6F6-B69FE67C8A4B}.Release|Any CPU.ActiveCfg = Release|Any CPU
		{5BE687DB-7BDA-40B2-B6F6-B69FE67C8A4B}.Release|Any CPU.Build.0 = Release|Any CPU
	EndGlobalSection
	GlobalSection(SolutionProperties) = preSolution
		HideSolutionNode = FALSE
	EndGlobalSection
EndGlobal
